// !$*UTF8*$!
{
	archiveVersion = 1;
	classes = {
	};
	objectVersion = 77;
	objects = {

/* Begin PBXContainerItemProxy section */
		B3FEF3132D018315009A4CDB /* PBXContainerItemProxy */ = {
			isa = PBXContainerItemProxy;
			containerPortal = B3FEF2F42D018314009A4CDB /* Project object */;
			proxyType = 1;
			remoteGlobalIDString = B3FEF2FB2D018314009A4CDB;
			remoteInfo = Sparta6_WeatherApp;
		};
		B3FEF31D2D018315009A4CDB /* PBXContainerItemProxy */ = {
			isa = PBXContainerItemProxy;
			containerPortal = B3FEF2F42D018314009A4CDB /* Project object */;
			proxyType = 1;
			remoteGlobalIDString = B3FEF2FB2D018314009A4CDB;
			remoteInfo = Sparta6_WeatherApp;
		};
/* End PBXContainerItemProxy section */

/* Begin PBXFileReference section */
		B3FEF2FC2D018314009A4CDB /* Sparta6_WeatherApp.app */ = {isa = PBXFileReference; explicitFileType = wrapper.application; includeInIndex = 0; path = Sparta6_WeatherApp.app; sourceTree = BUILT_PRODUCTS_DIR; };
		B3FEF3122D018315009A4CDB /* Sparta6_WeatherAppTests.xctest */ = {isa = PBXFileReference; explicitFileType = wrapper.cfbundle; includeInIndex = 0; path = Sparta6_WeatherAppTests.xctest; sourceTree = BUILT_PRODUCTS_DIR; };
		B3FEF31C2D018315009A4CDB /* Sparta6_WeatherAppUITests.xctest */ = {isa = PBXFileReference; explicitFileType = wrapper.cfbundle; includeInIndex = 0; path = Sparta6_WeatherAppUITests.xctest; sourceTree = BUILT_PRODUCTS_DIR; };
/* End PBXFileReference section */

/* Begin PBXFileSystemSynchronizedBuildFileExceptionSet section */
		B3FEF3242D018315009A4CDB /* Exceptions for "Sparta6_WeatherApp" folder in "Sparta6_WeatherApp" target */ = {
			isa = PBXFileSystemSynchronizedBuildFileExceptionSet;
			membershipExceptions = (
				Info.plist,
			);
			target = B3FEF2FB2D018314009A4CDB /* Sparta6_WeatherApp */;
		};
/* End PBXFileSystemSynchronizedBuildFileExceptionSet section */

/* Begin PBXFileSystemSynchronizedRootGroup section */
		B3FEF2FE2D018314009A4CDB /* Sparta6_WeatherApp */ = {
			isa = PBXFileSystemSynchronizedRootGroup;
			exceptions = (
				B3FEF3242D018315009A4CDB /* Exceptions for "Sparta6_WeatherApp" folder in "Sparta6_WeatherApp" target */,
			);
			path = Sparta6_WeatherApp;
			sourceTree = "<group>";
		};
		B3FEF3152D018315009A4CDB /* Sparta6_WeatherAppTests */ = {
			isa = PBXFileSystemSynchronizedRootGroup;
			path = Sparta6_WeatherAppTests;
			sourceTree = "<group>";
		};
		B3FEF31F2D018315009A4CDB /* Sparta6_WeatherAppUITests */ = {
			isa = PBXFileSystemSynchronizedRootGroup;
			path = Sparta6_WeatherAppUITests;
			sourceTree = "<group>";
		};
/* End PBXFileSystemSynchronizedRootGroup section */

/* Begin PBXFrameworksBuildPhase section */
		B3FEF2F92D018314009A4CDB /* Frameworks */ = {
			isa = PBXFrameworksBuildPhase;
			buildActionMask = 2147483647;
			files = (
			);
			runOnlyForDeploymentPostprocessing = 0;
		};
		B3FEF30F2D018315009A4CDB /* Frameworks */ = {
			isa = PBXFrameworksBuildPhase;
			buildActionMask = 2147483647;
			files = (
			);
			runOnlyForDeploymentPostprocessing = 0;
		};
		B3FEF3192D018315009A4CDB /* Frameworks */ = {
			isa = PBXFrameworksBuildPhase;
			buildActionMask = 2147483647;
			files = (
			);
			runOnlyForDeploymentPostprocessing = 0;
		};
/* End PBXFrameworksBuildPhase section */

/* Begin PBXGroup section */
		B3FEF2F32D018314009A4CDB = {
			isa = PBXGroup;
			children = (
				B3FEF2FE2D018314009A4CDB /* Sparta6_WeatherApp */,
				B3FEF3152D018315009A4CDB /* Sparta6_WeatherAppTests */,
				B3FEF31F2D018315009A4CDB /* Sparta6_WeatherAppUITests */,
				B3FEF2FD2D018314009A4CDB /* Products */,
			);
			sourceTree = "<group>";
		};
		B3FEF2FD2D018314009A4CDB /* Products */ = {
			isa = PBXGroup;
			children = (
				B3FEF2FC2D018314009A4CDB /* Sparta6_WeatherApp.app */,
				B3FEF3122D018315009A4CDB /* Sparta6_WeatherAppTests.xctest */,
				B3FEF31C2D018315009A4CDB /* Sparta6_WeatherAppUITests.xctest */,
			);
			name = Products;
			sourceTree = "<group>";
		};
/* End PBXGroup section */

/* Begin PBXNativeTarget section */
		B3FEF2FB2D018314009A4CDB /* Sparta6_WeatherApp */ = {
			isa = PBXNativeTarget;
			buildConfigurationList = B3FEF3252D018315009A4CDB /* Build configuration list for PBXNativeTarget "Sparta6_WeatherApp" */;
			buildPhases = (
				B3FEF2F82D018314009A4CDB /* Sources */,
				B3FEF2F92D018314009A4CDB /* Frameworks */,
				B3FEF2FA2D018314009A4CDB /* Resources */,
			);
			buildRules = (
			);
			dependencies = (
			);
			fileSystemSynchronizedGroups = (
				B3FEF2FE2D018314009A4CDB /* Sparta6_WeatherApp */,
			);
			name = Sparta6_WeatherApp;
			packageProductDependencies = (
			);
			productName = Sparta6_WeatherApp;
			productReference = B3FEF2FC2D018314009A4CDB /* Sparta6_WeatherApp.app */;
			productType = "com.apple.product-type.application";
		};
		B3FEF3112D018315009A4CDB /* Sparta6_WeatherAppTests */ = {
			isa = PBXNativeTarget;
			buildConfigurationList = B3FEF32A2D018315009A4CDB /* Build configuration list for PBXNativeTarget "Sparta6_WeatherAppTests" */;
			buildPhases = (
				B3FEF30E2D018315009A4CDB /* Sources */,
				B3FEF30F2D018315009A4CDB /* Frameworks */,
				B3FEF3102D018315009A4CDB /* Resources */,
			);
			buildRules = (
			);
			dependencies = (
				B3FEF3142D018315009A4CDB /* PBXTargetDependency */,
			);
			fileSystemSynchronizedGroups = (
				B3FEF3152D018315009A4CDB /* Sparta6_WeatherAppTests */,
			);
			name = Sparta6_WeatherAppTests;
			packageProductDependencies = (
			);
			productName = Sparta6_WeatherAppTests;
			productReference = B3FEF3122D018315009A4CDB /* Sparta6_WeatherAppTests.xctest */;
			productType = "com.apple.product-type.bundle.unit-test";
		};
		B3FEF31B2D018315009A4CDB /* Sparta6_WeatherAppUITests */ = {
			isa = PBXNativeTarget;
			buildConfigurationList = B3FEF32D2D018315009A4CDB /* Build configuration list for PBXNativeTarget "Sparta6_WeatherAppUITests" */;
			buildPhases = (
				B3FEF3182D018315009A4CDB /* Sources */,
				B3FEF3192D018315009A4CDB /* Frameworks */,
				B3FEF31A2D018315009A4CDB /* Resources */,
			);
			buildRules = (
			);
			dependencies = (
				B3FEF31E2D018315009A4CDB /* PBXTargetDependency */,
			);
			fileSystemSynchronizedGroups = (
				B3FEF31F2D018315009A4CDB /* Sparta6_WeatherAppUITests */,
			);
			name = Sparta6_WeatherAppUITests;
			packageProductDependencies = (
			);
			productName = Sparta6_WeatherAppUITests;
			productReference = B3FEF31C2D018315009A4CDB /* Sparta6_WeatherAppUITests.xctest */;
			productType = "com.apple.product-type.bundle.ui-testing";
		};
/* End PBXNativeTarget section */

/* Begin PBXProject section */
		B3FEF2F42D018314009A4CDB /* Project object */ = {
			isa = PBXProject;
			attributes = {
				BuildIndependentTargetsInParallel = 1;
				LastSwiftUpdateCheck = 1610;
				LastUpgradeCheck = 1610;
				TargetAttributes = {
					B3FEF2FB2D018314009A4CDB = {
						CreatedOnToolsVersion = 16.1;
					};
					B3FEF3112D018315009A4CDB = {
						CreatedOnToolsVersion = 16.1;
						TestTargetID = B3FEF2FB2D018314009A4CDB;
					};
					B3FEF31B2D018315009A4CDB = {
						CreatedOnToolsVersion = 16.1;
						TestTargetID = B3FEF2FB2D018314009A4CDB;
					};
				};
			};
			buildConfigurationList = B3FEF2F72D018314009A4CDB /* Build configuration list for PBXProject "Sparta6_WeatherApp" */;
			developmentRegion = en;
			hasScannedForEncodings = 0;
			knownRegions = (
				en,
				Base,
			);
			mainGroup = B3FEF2F32D018314009A4CDB;
			minimizedProjectReferenceProxies = 1;
			preferredProjectObjectVersion = 77;
			productRefGroup = B3FEF2FD2D018314009A4CDB /* Products */;
			projectDirPath = "";
			projectRoot = "";
			targets = (
				B3FEF2FB2D018314009A4CDB /* Sparta6_WeatherApp */,
				B3FEF3112D018315009A4CDB /* Sparta6_WeatherAppTests */,
				B3FEF31B2D018315009A4CDB /* Sparta6_WeatherAppUITests */,
			);
		};
/* End PBXProject section */

/* Begin PBXResourcesBuildPhase section */
		B3FEF2FA2D018314009A4CDB /* Resources */ = {
			isa = PBXResourcesBuildPhase;
			buildActionMask = 2147483647;
			files = (
			);
			runOnlyForDeploymentPostprocessing = 0;
		};
		B3FEF3102D018315009A4CDB /* Resources */ = {
			isa = PBXResourcesBuildPhase;
			buildActionMask = 2147483647;
			files = (
			);
			runOnlyForDeploymentPostprocessing = 0;
		};
		B3FEF31A2D018315009A4CDB /* Resources */ = {
			isa = PBXResourcesBuildPhase;
			buildActionMask = 2147483647;
			files = (
			);
			runOnlyForDeploymentPostprocessing = 0;
		};
/* End PBXResourcesBuildPhase section */

/* Begin PBXSourcesBuildPhase section */
		B3FEF2F82D018314009A4CDB /* Sources */ = {
			isa = PBXSourcesBuildPhase;
			buildActionMask = 2147483647;
			files = (
			);
			runOnlyForDeploymentPostprocessing = 0;
		};
		B3FEF30E2D018315009A4CDB /* Sources */ = {
			isa = PBXSourcesBuildPhase;
			buildActionMask = 2147483647;
			files = (
			);
			runOnlyForDeploymentPostprocessing = 0;
		};
		B3FEF3182D018315009A4CDB /* Sources */ = {
			isa = PBXSourcesBuildPhase;
			buildActionMask = 2147483647;
			files = (
			);
			runOnlyForDeploymentPostprocessing = 0;
		};
/* End PBXSourcesBuildPhase section */

/* Begin PBXTargetDependency section */
		B3FEF3142D018315009A4CDB /* PBXTargetDependency */ = {
			isa = PBXTargetDependency;
			target = B3FEF2FB2D018314009A4CDB /* Sparta6_WeatherApp */;
			targetProxy = B3FEF3132D018315009A4CDB /* PBXContainerItemProxy */;
		};
		B3FEF31E2D018315009A4CDB /* PBXTargetDependency */ = {
			isa = PBXTargetDependency;
			target = B3FEF2FB2D018314009A4CDB /* Sparta6_WeatherApp */;
			targetProxy = B3FEF31D2D018315009A4CDB /* PBXContainerItemProxy */;
		};
/* End PBXTargetDependency section */

/* Begin XCBuildConfiguration section */
		B3FEF3262D018315009A4CDB /* Debug */ = {
			isa = XCBuildConfiguration;
			buildSettings = {
				ASSETCATALOG_COMPILER_APPICON_NAME = AppIcon;
				ASSETCATALOG_COMPILER_GLOBAL_ACCENT_COLOR_NAME = AccentColor;
				CODE_SIGN_STYLE = Automatic;
				CURRENT_PROJECT_VERSION = 1;
				GENERATE_INFOPLIST_FILE = YES;
				INFOPLIST_FILE = Sparta6_WeatherApp/Info.plist;
				INFOPLIST_KEY_UIApplicationSupportsIndirectInputEvents = YES;
				INFOPLIST_KEY_UILaunchStoryboardName = LaunchScreen;
				INFOPLIST_KEY_UIMainStoryboardFile = Main;
				INFOPLIST_KEY_UISupportedInterfaceOrientations_iPad = "UIInterfaceOrientationPortrait UIInterfaceOrientationPortraitUpsideDown UIInterfaceOrientationLandscapeLeft UIInterfaceOrientationLandscapeRight";
				INFOPLIST_KEY_UISupportedInterfaceOrientations_iPhone = "UIInterfaceOrientationPortrait UIInterfaceOrientationLandscapeLeft UIInterfaceOrientationLandscapeRight";
				LD_RUNPATH_SEARCH_PATHS = (
					"$(inherited)",
					"@executable_path/Frameworks",
				);
				MARKETING_VERSION = 1.0;
				PRODUCT_BUNDLE_IDENTIFIER = "com.soy.Sparta6-WeatherApp";
				PRODUCT_NAME = "$(TARGET_NAME)";
				SWIFT_EMIT_LOC_STRINGS = YES;
				SWIFT_VERSION = 5.0;
				TARGETED_DEVICE_FAMILY = "1,2";
			};
			name = Debug;
		};
		B3FEF3272D018315009A4CDB /* Release */ = {
			isa = XCBuildConfiguration;
			buildSettings = {
				ASSETCATALOG_COMPILER_APPICON_NAME = AppIcon;
				ASSETCATALOG_COMPILER_GLOBAL_ACCENT_COLOR_NAME = AccentColor;
				CODE_SIGN_STYLE = Automatic;
				CURRENT_PROJECT_VERSION = 1;
				GENERATE_INFOPLIST_FILE = YES;
				INFOPLIST_FILE = Sparta6_WeatherApp/Info.plist;
				INFOPLIST_KEY_UIApplicationSupportsIndirectInputEvents = YES;
				INFOPLIST_KEY_UILaunchStoryboardName = LaunchScreen;
				INFOPLIST_KEY_UIMainStoryboardFile = Main;
				INFOPLIST_KEY_UISupportedInterfaceOrientations_iPad = "UIInterfaceOrientationPortrait UIInterfaceOrientationPortraitUpsideDown UIInterfaceOrientationLandscapeLeft UIInterfaceOrientationLandscapeRight";
				INFOPLIST_KEY_UISupportedInterfaceOrientations_iPhone = "UIInterfaceOrientationPortrait UIInterfaceOrientationLandscapeLeft UIInterfaceOrientationLandscapeRight";
				LD_RUNPATH_SEARCH_PATHS = (
					"$(inherited)",
					"@executable_path/Frameworks",
				);
				MARKETING_VERSION = 1.0;
				PRODUCT_BUNDLE_IDENTIFIER = "com.soy.Sparta6-WeatherApp";
				PRODUCT_NAME = "$(TARGET_NAME)";
				SWIFT_EMIT_LOC_STRINGS = YES;
				SWIFT_VERSION = 5.0;
				TARGETED_DEVICE_FAMILY = "1,2";
			};
			name = Release;
		};
		B3FEF3282D018315009A4CDB /* Debug */ = {
			isa = XCBuildConfiguration;
			buildSettings = {
				ALWAYS_SEARCH_USER_PATHS = NO;
				ASSETCATALOG_COMPILER_GENERATE_SWIFT_ASSET_SYMBOL_EXTENSIONS = YES;
				CLANG_ANALYZER_NONNULL = YES;
				CLANG_ANALYZER_NUMBER_OBJECT_CONVERSION = YES_AGGRESSIVE;
				CLANG_CXX_LANGUAGE_STANDARD = "gnu++20";
				CLANG_ENABLE_MODULES = YES;
				CLANG_ENABLE_OBJC_ARC = YES;
				CLANG_ENABLE_OBJC_WEAK = YES;
				CLANG_WARN_BLOCK_CAPTURE_AUTORELEASING = YES;
				CLANG_WARN_BOOL_CONVERSION = YES;
				CLANG_WARN_COMMA = YES;
				CLANG_WARN_CONSTANT_CONVERSION = YES;
				CLANG_WARN_DEPRECATED_OBJC_IMPLEMENTATIONS = YES;
				CLANG_WARN_DIRECT_OBJC_ISA_USAGE = YES_ERROR;
				CLANG_WARN_DOCUMENTATION_COMMENTS = YES;
				CLANG_WARN_EMPTY_BODY = YES;
				CLANG_WARN_ENUM_CONVERSION = YES;
				CLANG_WARN_INFINITE_RECURSION = YES;
				CLANG_WARN_INT_CONVERSION = YES;
				CLANG_WARN_NON_LITERAL_NULL_CONVERSION = YES;
				CLANG_WARN_OBJC_IMPLICIT_RETAIN_SELF = YES;
				CLANG_WARN_OBJC_LITERAL_CONVERSION = YES;
				CLANG_WARN_OBJC_ROOT_CLASS = YES_ERROR;
				CLANG_WARN_QUOTED_INCLUDE_IN_FRAMEWORK_HEADER = YES;
				CLANG_WARN_RANGE_LOOP_ANALYSIS = YES;
				CLANG_WARN_STRICT_PROTOTYPES = YES;
				CLANG_WARN_SUSPICIOUS_MOVE = YES;
				CLANG_WARN_UNGUARDED_AVAILABILITY = YES_AGGRESSIVE;
				CLANG_WARN_UNREACHABLE_CODE = YES;
				CLANG_WARN__DUPLICATE_METHOD_MATCH = YES;
				COPY_PHASE_STRIP = NO;
				DEBUG_INFORMATION_FORMAT = dwarf;
				ENABLE_STRICT_OBJC_MSGSEND = YES;
				ENABLE_TESTABILITY = YES;
				ENABLE_USER_SCRIPT_SANDBOXING = YES;
				GCC_C_LANGUAGE_STANDARD = gnu17;
				GCC_DYNAMIC_NO_PIC = NO;
				GCC_NO_COMMON_BLOCKS = YES;
				GCC_OPTIMIZATION_LEVEL = 0;
				GCC_PREPROCESSOR_DEFINITIONS = (
					"DEBUG=1",
					"$(inherited)",
				);
				GCC_WARN_64_TO_32_BIT_CONVERSION = YES;
				GCC_WARN_ABOUT_RETURN_TYPE = YES_ERROR;
				GCC_WARN_UNDECLARED_SELECTOR = YES;
				GCC_WARN_UNINITIALIZED_AUTOS = YES_AGGRESSIVE;
				GCC_WARN_UNUSED_FUNCTION = YES;
				GCC_WARN_UNUSED_VARIABLE = YES;
				IPHONEOS_DEPLOYMENT_TARGET = 18.1;
				LOCALIZATION_PREFERS_STRING_CATALOGS = YES;
				MTL_ENABLE_DEBUG_INFO = INCLUDE_SOURCE;
				MTL_FAST_MATH = YES;
				ONLY_ACTIVE_ARCH = YES;
				SDKROOT = iphoneos;
				SWIFT_ACTIVE_COMPILATION_CONDITIONS = "DEBUG $(inherited)";
				SWIFT_OPTIMIZATION_LEVEL = "-Onone";
			};
			name = Debug;
		};
		B3FEF3292D018315009A4CDB /* Release */ = {
			isa = XCBuildConfiguration;
			buildSettings = {
				ALWAYS_SEARCH_USER_PATHS = NO;
				ASSETCATALOG_COMPILER_GENERATE_SWIFT_ASSET_SYMBOL_EXTENSIONS = YES;
				CLANG_ANALYZER_NONNULL = YES;
				CLANG_ANALYZER_NUMBER_OBJECT_CONVERSION = YES_AGGRESSIVE;
				CLANG_CXX_LANGUAGE_STANDARD = "gnu++20";
				CLANG_ENABLE_MODULES = YES;
				CLANG_ENABLE_OBJC_ARC = YES;
				CLANG_ENABLE_OBJC_WEAK = YES;
				CLANG_WARN_BLOCK_CAPTURE_AUTORELEASING = YES;
				CLANG_WARN_BOOL_CONVERSION = YES;
				CLANG_WARN_COMMA = YES;
				CLANG_WARN_CONSTANT_CONVERSION = YES;
				CLANG_WARN_DEPRECATED_OBJC_IMPLEMENTATIONS = YES;
				CLANG_WARN_DIRECT_OBJC_ISA_USAGE = YES_ERROR;
				CLANG_WARN_DOCUMENTATION_COMMENTS = YES;
				CLANG_WARN_EMPTY_BODY = YES;
				CLANG_WARN_ENUM_CONVERSION = YES;
				CLANG_WARN_INFINITE_RECURSION = YES;
				CLANG_WARN_INT_CONVERSION = YES;
				CLANG_WARN_NON_LITERAL_NULL_CONVERSION = YES;
				CLANG_WARN_OBJC_IMPLICIT_RETAIN_SELF = YES;
				CLANG_WARN_OBJC_LITERAL_CONVERSION = YES;
				CLANG_WARN_OBJC_ROOT_CLASS = YES_ERROR;
				CLANG_WARN_QUOTED_INCLUDE_IN_FRAMEWORK_HEADER = YES;
				CLANG_WARN_RANGE_LOOP_ANALYSIS = YES;
				CLANG_WARN_STRICT_PROTOTYPES = YES;
				CLANG_WARN_SUSPICIOUS_MOVE = YES;
				CLANG_WARN_UNGUARDED_AVAILABILITY = YES_AGGRESSIVE;
				CLANG_WARN_UNREACHABLE_CODE = YES;
				CLANG_WARN__DUPLICATE_METHOD_MATCH = YES;
				COPY_PHASE_STRIP = NO;
				DEBUG_INFORMATION_FORMAT = "dwarf-with-dsym";
				ENABLE_NS_ASSERTIONS = NO;
				ENABLE_STRICT_OBJC_MSGSEND = YES;
				ENABLE_USER_SCRIPT_SANDBOXING = YES;
				GCC_C_LANGUAGE_STANDARD = gnu17;
				GCC_NO_COMMON_BLOCKS = YES;
				GCC_WARN_64_TO_32_BIT_CONVERSION = YES;
				GCC_WARN_ABOUT_RETURN_TYPE = YES_ERROR;
				GCC_WARN_UNDECLARED_SELECTOR = YES;
				GCC_WARN_UNINITIALIZED_AUTOS = YES_AGGRESSIVE;
				GCC_WARN_UNUSED_FUNCTION = YES;
				GCC_WARN_UNUSED_VARIABLE = YES;
				IPHONEOS_DEPLOYMENT_TARGET = 18.1;
				LOCALIZATION_PREFERS_STRING_CATALOGS = YES;
				MTL_ENABLE_DEBUG_INFO = NO;
				MTL_FAST_MATH = YES;
				SDKROOT = iphoneos;
				SWIFT_COMPILATION_MODE = wholemodule;
				VALIDATE_PRODUCT = YES;
			};
			name = Release;
		};
		B3FEF32B2D018315009A4CDB /* Debug */ = {
			isa = XCBuildConfiguration;
			buildSettings = {
				BUNDLE_LOADER = "$(TEST_HOST)";
				CODE_SIGN_STYLE = Automatic;
				CURRENT_PROJECT_VERSION = 1;
				GENERATE_INFOPLIST_FILE = YES;
				IPHONEOS_DEPLOYMENT_TARGET = 18.1;
				MARKETING_VERSION = 1.0;
				PRODUCT_BUNDLE_IDENTIFIER = "com.soy.Sparta6-WeatherAppTests";
				PRODUCT_NAME = "$(TARGET_NAME)";
				SWIFT_EMIT_LOC_STRINGS = NO;
				SWIFT_VERSION = 5.0;
				TARGETED_DEVICE_FAMILY = "1,2";
				TEST_HOST = "$(BUILT_PRODUCTS_DIR)/Sparta6_WeatherApp.app/$(BUNDLE_EXECUTABLE_FOLDER_PATH)/Sparta6_WeatherApp";
			};
			name = Debug;
		};
		B3FEF32C2D018315009A4CDB /* Release */ = {
			isa = XCBuildConfiguration;
			buildSettings = {
				BUNDLE_LOADER = "$(TEST_HOST)";
				CODE_SIGN_STYLE = Automatic;
				CURRENT_PROJECT_VERSION = 1;
				GENERATE_INFOPLIST_FILE = YES;
				IPHONEOS_DEPLOYMENT_TARGET = 18.1;
				MARKETING_VERSION = 1.0;
				PRODUCT_BUNDLE_IDENTIFIER = "com.soy.Sparta6-WeatherAppTests";
				PRODUCT_NAME = "$(TARGET_NAME)";
				SWIFT_EMIT_LOC_STRINGS = NO;
				SWIFT_VERSION = 5.0;
				TARGETED_DEVICE_FAMILY = "1,2";
				TEST_HOST = "$(BUILT_PRODUCTS_DIR)/Sparta6_WeatherApp.app/$(BUNDLE_EXECUTABLE_FOLDER_PATH)/Sparta6_WeatherApp";
			};
			name = Release;
		};
		B3FEF32E2D018315009A4CDB /* Debug */ = {
			isa = XCBuildConfiguration;
			buildSettings = {
				CODE_SIGN_STYLE = Automatic;
				CURRENT_PROJECT_VERSION = 1;
				GENERATE_INFOPLIST_FILE = YES;
				MARKETING_VERSION = 1.0;
				PRODUCT_BUNDLE_IDENTIFIER = "com.soy.Sparta6-WeatherAppUITests";
				PRODUCT_NAME = "$(TARGET_NAME)";
				SWIFT_EMIT_LOC_STRINGS = NO;
				SWIFT_VERSION = 5.0;
				TARGETED_DEVICE_FAMILY = "1,2";
				TEST_TARGET_NAME = Sparta6_WeatherApp;
			};
			name = Debug;
		};
		B3FEF32F2D018315009A4CDB /* Release */ = {
			isa = XCBuildConfiguration;
			buildSettings = {
				CODE_SIGN_STYLE = Automatic;
				CURRENT_PROJECT_VERSION = 1;
				GENERATE_INFOPLIST_FILE = YES;
				MARKETING_VERSION = 1.0;
				PRODUCT_BUNDLE_IDENTIFIER = "com.soy.Sparta6-WeatherAppUITests";
				PRODUCT_NAME = "$(TARGET_NAME)";
				SWIFT_EMIT_LOC_STRINGS = NO;
				SWIFT_VERSION = 5.0;
				TARGETED_DEVICE_FAMILY = "1,2";
				TEST_TARGET_NAME = Sparta6_WeatherApp;
			};
			name = Release;
		};
/* End XCBuildConfiguration section */

/* Begin XCConfigurationList section */
		B3FEF2F72D018314009A4CDB /* Build configuration list for PBXProject "Sparta6_WeatherApp" */ = {
			isa = XCConfigurationList;
			buildConfigurations = (
				B3FEF3282D018315009A4CDB /* Debug */,
				B3FEF3292D018315009A4CDB /* Release */,
			);
			defaultConfigurationIsVisible = 0;
			defaultConfigurationName = Release;
		};
		B3FEF3252D018315009A4CDB /* Build configuration list for PBXNativeTarget "Sparta6_WeatherApp" */ = {
			isa = XCConfigurationList;
			buildConfigurations = (
				B3FEF3262D018315009A4CDB /* Debug */,
				B3FEF3272D018315009A4CDB /* Release */,
			);
			defaultConfigurationIsVisible = 0;
			defaultConfigurationName = Release;
		};
		B3FEF32A2D018315009A4CDB /* Build configuration list for PBXNativeTarget "Sparta6_WeatherAppTests" */ = {
			isa = XCConfigurationList;
			buildConfigurations = (
				B3FEF32B2D018315009A4CDB /* Debug */,
				B3FEF32C2D018315009A4CDB /* Release */,
			);
			defaultConfigurationIsVisible = 0;
			defaultConfigurationName = Release;
		};
		B3FEF32D2D018315009A4CDB /* Build configuration list for PBXNativeTarget "Sparta6_WeatherAppUITests" */ = {
			isa = XCConfigurationList;
			buildConfigurations = (
				B3FEF32E2D018315009A4CDB /* Debug */,
				B3FEF32F2D018315009A4CDB /* Release */,
			);
			defaultConfigurationIsVisible = 0;
			defaultConfigurationName = Release;
		};
/* End XCConfigurationList section */
	};
	rootObject = B3FEF2F42D018314009A4CDB /* Project object */;
}
